
Microsoft Visual Studio Solution File, Format Version 12.00
# Visual Studio Version 17
VisualStudioVersion = 17.14.36616.10 d17.14
MinimumVisualStudioVersion = 10.0.40219.1
Project("{FAE04EC0-301F-11D3-BF4B-00C04F79EFBC}") = "BuditelWebServer.Server", "..\BuditelWebServerServer\BuditelWebServer.Server.csproj", "{BCB6138B-88E6-44F5-8BC2-3793EDC7E75E}"
EndProject
Project("{FAE04EC0-301F-11D3-BF4B-00C04F79EFBC}") = "MyFirstWebServer.Demo", "..\MyFirstWebServer.Demo\MyFirstWebServer.Demo.csproj", "{501FE9A2-E665-4E18-8597-6487BFFEA165}"
EndProject
Global
	GlobalSection(SolutionConfigurationPlatforms) = preSolution
		Debug|Any CPU = Debug|Any CPU
		Release|Any CPU = Release|Any CPU
	EndGlobalSection
	GlobalSection(ProjectConfigurationPlatforms) = postSolution
		{BCB6138B-88E6-44F5-8BC2-3793EDC7E75E}.Debug|Any CPU.ActiveCfg = Debug|Any CPU
		{BCB6138B-88E6-44F5-8BC2-3793EDC7E75E}.Debug|Any CPU.Build.0 = Debug|Any CPU
		{BCB6138B-88E6-44F5-8BC2-3793EDC7E75E}.Release|Any CPU.ActiveCfg = Release|Any CPU
		{BCB6138B-88E6-44F5-8BC2-3793EDC7E75E}.Release|Any CPU.Build.0 = Release|Any CPU
		{501FE9A2-E665-4E18-8597-6487BFFEA165}.Debug|Any CPU.ActiveCfg = Debug|Any CPU
		{501FE9A2-E665-4E18-8597-6487BFFEA165}.Debug|Any CPU.Build.0 = Debug|Any CPU
		{501FE9A2-E665-4E18-8597-6487BFFEA165}.Release|Any CPU.ActiveCfg = Release|Any CPU
		{501FE9A2-E665-4E18-8597-6487BFFEA165}.Release|Any CPU.Build.0 = Release|Any CPU
	EndGlobalSection
	GlobalSection(SolutionProperties) = preSolution
		HideSolutionNode = FALSE
	EndGlobalSection
	GlobalSection(ExtensibilityGlobals) = postSolution
		SolutionGuid = {8470B14A-11E5-46F1-9804-B9BC483D0C64}
	EndGlobalSection
EndGlobal
